
Microsoft Visual Studio Solution File, Format Version 12.00
# Visual Studio Version 16
VisualStudioVersion = 16.0.31025.194
MinimumVisualStudioVersion = 10.0.40219.1
Project("{FAE04EC0-301F-11D3-BF4B-00C04F79EFBC}") = "HelloApp", "HelloApp\HelloApp.csproj", "{4D55D130-FCD2-4A37-A521-50B638F4AB42}"
EndProject
Global
	GlobalSection(SolutionConfigurationPlatforms) = preSolution
		Debug|Any CPU = Debug|Any CPU
		Release|Any CPU = Release|Any CPU
	EndGlobalSection
	GlobalSection(ProjectConfigurationPlatforms) = postSolution
		{4D55D130-FCD2-4A37-A521-50B638F4AB42}.Debug|Any CPU.ActiveCfg = Debug|Any CPU
		{4D55D130-FCD2-4A37-A521-50B638F4AB42}.Debug|Any CPU.Build.0 = Debug|Any CPU
		{4D55D130-FCD2-4A37-A521-50B638F4AB42}.Release|Any CPU.ActiveCfg = Release|Any CPU
		{4D55D130-FCD2-4A37-A521-50B638F4AB42}.Release|Any CPU.Build.0 = Release|Any CPU
	EndGlobalSection
	GlobalSection(SolutionProperties) = preSolution
		HideSolutionNode = FALSE
	EndGlobalSection
	GlobalSection(ExtensibilityGlobals) = postSolution
		SolutionGuid = {D8E2F855-1D25-481C-96E9-58B474EE6900}
	EndGlobalSection
EndGlobal
